
Microsoft Visual Studio Solution File, Format Version 12.00
# Visual Studio 15
VisualStudioVersion = 15.0.28307.421
MinimumVisualStudioVersion = 10.0.40219.1
Project("{FAE04EC0-301F-11D3-BF4B-00C04F79EFBC}") = "RestaurantApp", "RestaurantApp\RestaurantApp.csproj", "{2E0A86CC-80F9-4FD9-83AC-27417296B693}"
EndProject
Global
	GlobalSection(SolutionConfigurationPlatforms) = preSolution
		Debug|Any CPU = Debug|Any CPU
		Release|Any CPU = Release|Any CPU
	EndGlobalSection
	GlobalSection(ProjectConfigurationPlatforms) = postSolution
		{2E0A86CC-80F9-4FD9-83AC-27417296B693}.Debug|Any CPU.ActiveCfg = Debug|Any CPU
		{2E0A86CC-80F9-4FD9-83AC-27417296B693}.Debug|Any CPU.Build.0 = Debug|Any CPU
		{2E0A86CC-80F9-4FD9-83AC-27417296B693}.Release|Any CPU.ActiveCfg = Release|Any CPU
		{2E0A86CC-80F9-4FD9-83AC-27417296B693}.Release|Any CPU.Build.0 = Release|Any CPU
	EndGlobalSection
	GlobalSection(SolutionProperties) = preSolution
		HideSolutionNode = FALSE
	EndGlobalSection
	GlobalSection(ExtensibilityGlobals) = postSolution
		SolutionGuid = {D9C19047-7981-46E8-992F-74EE8394D30B}
	EndGlobalSection
EndGlobal
